// !$*UTF8*$!
{
	archiveVersion = 1;
	classes = {
	};
	objectVersion = 48;
	objects = {

/* Begin PBXBuildFile section */
		180CF648217713610047C953 /* AppDelegate.swift in Sources */ = {isa = PBXBuildFile; fileRef = 180CF647217713610047C953 /* AppDelegate.swift */; };
		180CF64A217713610047C953 /* ViewController.swift in Sources */ = {isa = PBXBuildFile; fileRef = 180CF649217713610047C953 /* ViewController.swift */; };
		180CF64D217713610047C953 /* Main.storyboard in Resources */ = {isa = PBXBuildFile; fileRef = 180CF64B217713610047C953 /* Main.storyboard */; };
		180CF64F217713610047C953 /* Assets.xcassets in Resources */ = {isa = PBXBuildFile; fileRef = 180CF64E217713610047C953 /* Assets.xcassets */; };
		180CF652217713610047C953 /* LaunchScreen.storyboard in Resources */ = {isa = PBXBuildFile; fileRef = 180CF650217713610047C953 /* LaunchScreen.storyboard */; };
		180CF65D217713610047C953 /* NgheTuVanTests.swift in Sources */ = {isa = PBXBuildFile; fileRef = 180CF65C217713610047C953 /* NgheTuVanTests.swift */; };
		180CF668217713610047C953 /* NgheTuVanUITests.swift in Sources */ = {isa = PBXBuildFile; fileRef = 180CF667217713610047C953 /* NgheTuVanUITests.swift */; };
		184F181B217714F000EA95CE /* DmgApi.swift in Sources */ = {isa = PBXBuildFile; fileRef = 184F181A217714F000EA95CE /* DmgApi.swift */; };
		184F183521772FB100EA95CE /* libAlamofire.a in Frameworks */ = {isa = PBXBuildFile; fileRef = 184F183921772FB100EA95CE /* libAlamofire.a */; };
		184F183621772FB100EA95CE /* libAlamofireImage.a in Frameworks */ = {isa = PBXBuildFile; fileRef = 184F183A21772FB100EA95CE /* libAlamofireImage.a */; };
		184F183821772FB100EA95CE /* libSwiftyJSON.a in Frameworks */ = {isa = PBXBuildFile; fileRef = 184F183C21772FB100EA95CE /* libSwiftyJSON.a */; };
		184F183F2177316900EA95CE /* Response.swift in Sources */ = {isa = PBXBuildFile; fileRef = 184F183E2177316900EA95CE /* Response.swift */; };
		184F18412177321B00EA95CE /* Config.swift in Sources */ = {isa = PBXBuildFile; fileRef = 184F18402177321B00EA95CE /* Config.swift */; };
		184F18452177388700EA95CE /* OauthApi.swift in Sources */ = {isa = PBXBuildFile; fileRef = 184F18442177388700EA95CE /* OauthApi.swift */; };
		184F184821773FC400EA95CE /* LoginViewModel.swift in Sources */ = {isa = PBXBuildFile; fileRef = 184F184721773FC400EA95CE /* LoginViewModel.swift */; };
		1867B11421815D4A00294C6A /* NewsViewController.swift in Sources */ = {isa = PBXBuildFile; fileRef = 1867B11321815D4A00294C6A /* NewsViewController.swift */; };
		1867B11621815D7600294C6A /* NewsDetailViewController.swift in Sources */ = {isa = PBXBuildFile; fileRef = 1867B11521815D7600294C6A /* NewsDetailViewController.swift */; };
		1867B11921815DA100294C6A /* PartnerViewController.swift in Sources */ = {isa = PBXBuildFile; fileRef = 1867B11821815DA100294C6A /* PartnerViewController.swift */; };
		1867B11B21815DB400294C6A /* PartnerDetailViewController.swift in Sources */ = {isa = PBXBuildFile; fileRef = 1867B11A21815DB400294C6A /* PartnerDetailViewController.swift */; };
		1867B11E21815DF800294C6A /* EducationViewController.swift in Sources */ = {isa = PBXBuildFile; fileRef = 1867B11D21815DF800294C6A /* EducationViewController.swift */; };
		1867B12121815E6F00294C6A /* WarehouseRealEstateViewController.swift in Sources */ = {isa = PBXBuildFile; fileRef = 1867B12021815E6F00294C6A /* WarehouseRealEstateViewController.swift */; };
		1867B1242181769400294C6A /* ProfileTableViewController.swift in Sources */ = {isa = PBXBuildFile; fileRef = 1867B1232181769400294C6A /* ProfileTableViewController.swift */; };
		1867B1262181889E00294C6A /* ProfileViewModel.swift in Sources */ = {isa = PBXBuildFile; fileRef = 1867B1252181889E00294C6A /* ProfileViewModel.swift */; };
		186AE022217D709D00BA0899 /* UIStoryboard.swift in Sources */ = {isa = PBXBuildFile; fileRef = 186AE021217D709D00BA0899 /* UIStoryboard.swift */; };
		186AE024217D7AD900BA0899 /* MenuSlide.storyboard in Resources */ = {isa = PBXBuildFile; fileRef = 186AE023217D7AD900BA0899 /* MenuSlide.storyboard */; };
		187F84CF21802AF800FA58DD /* UIButton.swift in Sources */ = {isa = PBXBuildFile; fileRef = 187F84CE21802AF800FA58DD /* UIButton.swift */; };
		187F84D921803E9F00FA58DD /* SlideMenuViewController.swift in Sources */ = {isa = PBXBuildFile; fileRef = 187F84D821803E9F00FA58DD /* SlideMenuViewController.swift */; };
		187F84DB21804D5E00FA58DD /* MenuViewModel.swift in Sources */ = {isa = PBXBuildFile; fileRef = 187F84DA21804D5E00FA58DD /* MenuViewModel.swift */; };
		187F84DD2180529800FA58DD /* UILabel.swift in Sources */ = {isa = PBXBuildFile; fileRef = 187F84DC2180529800FA58DD /* UILabel.swift */; };
		187F84DF2180573400FA58DD /* UITableView.swift in Sources */ = {isa = PBXBuildFile; fileRef = 187F84DE2180573400FA58DD /* UITableView.swift */; };
		187F84E2218079AD00FA58DD /* MenuViewController.swift in Sources */ = {isa = PBXBuildFile; fileRef = 187F84E1218079AD00FA58DD /* MenuViewController.swift */; };
		187F84E421807DF900FA58DD /* ProfileViewController.swift in Sources */ = {isa = PBXBuildFile; fileRef = 187F84E321807DF900FA58DD /* ProfileViewController.swift */; };
		18FA661E217828CE00CAA0C6 /* UserApi.swift in Sources */ = {isa = PBXBuildFile; fileRef = 18FA661D217828CE00CAA0C6 /* UserApi.swift */; };
		18FA66202178410800CAA0C6 /* AlamofireHandler.swift in Sources */ = {isa = PBXBuildFile; fileRef = 18FA661F2178410800CAA0C6 /* AlamofireHandler.swift */; };
		18FA66222178415900CAA0C6 /* OAuthHandler.swift in Sources */ = {isa = PBXBuildFile; fileRef = 18FA66212178415900CAA0C6 /* OAuthHandler.swift */; };
		18FA66242178422A00CAA0C6 /* UserService.swift in Sources */ = {isa = PBXBuildFile; fileRef = 18FA66232178422A00CAA0C6 /* UserService.swift */; };
		18FA662921786FD900CAA0C6 /* DgmAlert.swift in Sources */ = {isa = PBXBuildFile; fileRef = 18FA662821786FD900CAA0C6 /* DgmAlert.swift */; };
		18FA662B2178710B00CAA0C6 /* DgmWaiting.swift in Sources */ = {isa = PBXBuildFile; fileRef = 18FA662A2178710B00CAA0C6 /* DgmWaiting.swift */; };
		18FA662D217871EE00CAA0C6 /* DgmLocalize.swift in Sources */ = {isa = PBXBuildFile; fileRef = 18FA662C217871EE00CAA0C6 /* DgmLocalize.swift */; };
		18FA662F217872C400CAA0C6 /* UIColor.swift in Sources */ = {isa = PBXBuildFile; fileRef = 18FA662E217872C400CAA0C6 /* UIColor.swift */; };
		18FA66362178982A00CAA0C6 /* UIView.swift in Sources */ = {isa = PBXBuildFile; fileRef = 18FA66352178982A00CAA0C6 /* UIView.swift */; };
		18FA663821789B7500CAA0C6 /* UIImageView.swift in Sources */ = {isa = PBXBuildFile; fileRef = 18FA663721789B7500CAA0C6 /* UIImageView.swift */; };
		277FBCE07DFE85D136C88F57 /* libPods-NgheTuVan.a in Frameworks */ = {isa = PBXBuildFile; fileRef = 720892DBE8CB42B8B1BA17A9 /* libPods-NgheTuVan.a */; };
/* End PBXBuildFile section */

/* Begin PBXContainerItemProxy section */
		180CF659217713610047C953 /* PBXContainerItemProxy */ = {
			isa = PBXContainerItemProxy;
			containerPortal = 180CF63C217713610047C953 /* Project object */;
			proxyType = 1;
			remoteGlobalIDString = 180CF643217713610047C953;
			remoteInfo = NgheTuVan;
		};
		180CF664217713610047C953 /* PBXContainerItemProxy */ = {
			isa = PBXContainerItemProxy;
			containerPortal = 180CF63C217713610047C953 /* Project object */;
			proxyType = 1;
			remoteGlobalIDString = 180CF643217713610047C953;
			remoteInfo = NgheTuVan;
		};
/* End PBXContainerItemProxy section */

/* Begin PBXFileReference section */
		180CF644217713610047C953 /* NgheTuVan.app */ = {isa = PBXFileReference; explicitFileType = wrapper.application; includeInIndex = 0; path = NgheTuVan.app; sourceTree = BUILT_PRODUCTS_DIR; };
		180CF647217713610047C953 /* AppDelegate.swift */ = {isa = PBXFileReference; lastKnownFileType = sourcecode.swift; path = AppDelegate.swift; sourceTree = "<group>"; };
		180CF649217713610047C953 /* ViewController.swift */ = {isa = PBXFileReference; lastKnownFileType = sourcecode.swift; path = ViewController.swift; sourceTree = "<group>"; };
		180CF64C217713610047C953 /* Base */ = {isa = PBXFileReference; lastKnownFileType = file.storyboard; name = Base; path = Base.lproj/Main.storyboard; sourceTree = "<group>"; };
		180CF64E217713610047C953 /* Assets.xcassets */ = {isa = PBXFileReference; lastKnownFileType = folder.assetcatalog; path = Assets.xcassets; sourceTree = "<group>"; };
		180CF651217713610047C953 /* Base */ = {isa = PBXFileReference; lastKnownFileType = file.storyboard; name = Base; path = Base.lproj/LaunchScreen.storyboard; sourceTree = "<group>"; };
		180CF653217713610047C953 /* Info.plist */ = {isa = PBXFileReference; lastKnownFileType = text.plist.xml; path = Info.plist; sourceTree = "<group>"; };
		180CF658217713610047C953 /* NgheTuVanTests.xctest */ = {isa = PBXFileReference; explicitFileType = wrapper.cfbundle; includeInIndex = 0; path = NgheTuVanTests.xctest; sourceTree = BUILT_PRODUCTS_DIR; };
		180CF65C217713610047C953 /* NgheTuVanTests.swift */ = {isa = PBXFileReference; lastKnownFileType = sourcecode.swift; path = NgheTuVanTests.swift; sourceTree = "<group>"; };
		180CF65E217713610047C953 /* Info.plist */ = {isa = PBXFileReference; lastKnownFileType = text.plist.xml; path = Info.plist; sourceTree = "<group>"; };
		180CF663217713610047C953 /* NgheTuVanUITests.xctest */ = {isa = PBXFileReference; explicitFileType = wrapper.cfbundle; includeInIndex = 0; path = NgheTuVanUITests.xctest; sourceTree = BUILT_PRODUCTS_DIR; };
		180CF667217713610047C953 /* NgheTuVanUITests.swift */ = {isa = PBXFileReference; lastKnownFileType = sourcecode.swift; path = NgheTuVanUITests.swift; sourceTree = "<group>"; };
		180CF669217713610047C953 /* Info.plist */ = {isa = PBXFileReference; lastKnownFileType = text.plist.xml; path = Info.plist; sourceTree = "<group>"; };
		184F181A217714F000EA95CE /* DmgApi.swift */ = {isa = PBXFileReference; lastKnownFileType = sourcecode.swift; path = DmgApi.swift; sourceTree = "<group>"; };
		184F183921772FB100EA95CE /* libAlamofire.a */ = {isa = PBXFileReference; explicitFileType = archive.ar; path = libAlamofire.a; sourceTree = BUILT_PRODUCTS_DIR; };
		184F183A21772FB100EA95CE /* libAlamofireImage.a */ = {isa = PBXFileReference; explicitFileType = archive.ar; path = libAlamofireImage.a; sourceTree = BUILT_PRODUCTS_DIR; };
		184F183B21772FB100EA95CE /* libSwiftMessages.a */ = {isa = PBXFileReference; explicitFileType = archive.ar; path = libSwiftMessages.a; sourceTree = BUILT_PRODUCTS_DIR; };
		184F183C21772FB100EA95CE /* libSwiftyJSON.a */ = {isa = PBXFileReference; explicitFileType = archive.ar; path = libSwiftyJSON.a; sourceTree = BUILT_PRODUCTS_DIR; };
		184F183E2177316900EA95CE /* Response.swift */ = {isa = PBXFileReference; lastKnownFileType = sourcecode.swift; path = Response.swift; sourceTree = "<group>"; };
		184F18402177321B00EA95CE /* Config.swift */ = {isa = PBXFileReference; lastKnownFileType = sourcecode.swift; path = Config.swift; sourceTree = "<group>"; };
		184F18442177388700EA95CE /* OauthApi.swift */ = {isa = PBXFileReference; lastKnownFileType = sourcecode.swift; path = OauthApi.swift; sourceTree = "<group>"; };
		184F184721773FC400EA95CE /* LoginViewModel.swift */ = {isa = PBXFileReference; lastKnownFileType = sourcecode.swift; path = LoginViewModel.swift; sourceTree = "<group>"; };
		1867B11321815D4A00294C6A /* NewsViewController.swift */ = {isa = PBXFileReference; lastKnownFileType = sourcecode.swift; path = NewsViewController.swift; sourceTree = "<group>"; };
		1867B11521815D7600294C6A /* NewsDetailViewController.swift */ = {isa = PBXFileReference; lastKnownFileType = sourcecode.swift; path = NewsDetailViewController.swift; sourceTree = "<group>"; };
		1867B11821815DA100294C6A /* PartnerViewController.swift */ = {isa = PBXFileReference; lastKnownFileType = sourcecode.swift; path = PartnerViewController.swift; sourceTree = "<group>"; };
		1867B11A21815DB400294C6A /* PartnerDetailViewController.swift */ = {isa = PBXFileReference; lastKnownFileType = sourcecode.swift; path = PartnerDetailViewController.swift; sourceTree = "<group>"; };
		1867B11D21815DF800294C6A /* EducationViewController.swift */ = {isa = PBXFileReference; lastKnownFileType = sourcecode.swift; path = EducationViewController.swift; sourceTree = "<group>"; };
		1867B12021815E6F00294C6A /* WarehouseRealEstateViewController.swift */ = {isa = PBXFileReference; lastKnownFileType = sourcecode.swift; path = WarehouseRealEstateViewController.swift; sourceTree = "<group>"; };
		1867B1232181769400294C6A /* ProfileTableViewController.swift */ = {isa = PBXFileReference; lastKnownFileType = sourcecode.swift; path = ProfileTableViewController.swift; sourceTree = "<group>"; };
		1867B1252181889E00294C6A /* ProfileViewModel.swift */ = {isa = PBXFileReference; lastKnownFileType = sourcecode.swift; path = ProfileViewModel.swift; sourceTree = "<group>"; };
		186AE021217D709D00BA0899 /* UIStoryboard.swift */ = {isa = PBXFileReference; lastKnownFileType = sourcecode.swift; path = UIStoryboard.swift; sourceTree = "<group>"; };
		186AE023217D7AD900BA0899 /* MenuSlide.storyboard */ = {isa = PBXFileReference; fileEncoding = 4; lastKnownFileType = file.storyboard; path = MenuSlide.storyboard; sourceTree = SOURCE_ROOT; };
		187F84CE21802AF800FA58DD /* UIButton.swift */ = {isa = PBXFileReference; lastKnownFileType = sourcecode.swift; path = UIButton.swift; sourceTree = "<group>"; };
		187F84D821803E9F00FA58DD /* SlideMenuViewController.swift */ = {isa = PBXFileReference; lastKnownFileType = sourcecode.swift; path = SlideMenuViewController.swift; sourceTree = "<group>"; };
		187F84DA21804D5E00FA58DD /* MenuViewModel.swift */ = {isa = PBXFileReference; lastKnownFileType = sourcecode.swift; path = MenuViewModel.swift; sourceTree = "<group>"; };
		187F84DC2180529800FA58DD /* UILabel.swift */ = {isa = PBXFileReference; lastKnownFileType = sourcecode.swift; path = UILabel.swift; sourceTree = "<group>"; };
		187F84DE2180573400FA58DD /* UITableView.swift */ = {isa = PBXFileReference; lastKnownFileType = sourcecode.swift; path = UITableView.swift; sourceTree = "<group>"; };
		187F84E1218079AD00FA58DD /* MenuViewController.swift */ = {isa = PBXFileReference; lastKnownFileType = sourcecode.swift; path = MenuViewController.swift; sourceTree = "<group>"; };
		187F84E321807DF900FA58DD /* ProfileViewController.swift */ = {isa = PBXFileReference; lastKnownFileType = sourcecode.swift; path = ProfileViewController.swift; sourceTree = "<group>"; };
		18FA661D217828CE00CAA0C6 /* UserApi.swift */ = {isa = PBXFileReference; lastKnownFileType = sourcecode.swift; path = UserApi.swift; sourceTree = "<group>"; };
		18FA661F2178410800CAA0C6 /* AlamofireHandler.swift */ = {isa = PBXFileReference; lastKnownFileType = sourcecode.swift; path = AlamofireHandler.swift; sourceTree = "<group>"; };
		18FA66212178415900CAA0C6 /* OAuthHandler.swift */ = {isa = PBXFileReference; lastKnownFileType = sourcecode.swift; path = OAuthHandler.swift; sourceTree = "<group>"; };
		18FA66232178422A00CAA0C6 /* UserService.swift */ = {isa = PBXFileReference; lastKnownFileType = sourcecode.swift; path = UserService.swift; sourceTree = "<group>"; };
		18FA662821786FD900CAA0C6 /* DgmAlert.swift */ = {isa = PBXFileReference; lastKnownFileType = sourcecode.swift; path = DgmAlert.swift; sourceTree = "<group>"; };
		18FA662A2178710B00CAA0C6 /* DgmWaiting.swift */ = {isa = PBXFileReference; lastKnownFileType = sourcecode.swift; path = DgmWaiting.swift; sourceTree = "<group>"; };
		18FA662C217871EE00CAA0C6 /* DgmLocalize.swift */ = {isa = PBXFileReference; lastKnownFileType = sourcecode.swift; path = DgmLocalize.swift; sourceTree = "<group>"; };
		18FA662E217872C400CAA0C6 /* UIColor.swift */ = {isa = PBXFileReference; lastKnownFileType = sourcecode.swift; path = UIColor.swift; sourceTree = "<group>"; };
		18FA66352178982A00CAA0C6 /* UIView.swift */ = {isa = PBXFileReference; lastKnownFileType = sourcecode.swift; path = UIView.swift; sourceTree = "<group>"; };
		18FA663721789B7500CAA0C6 /* UIImageView.swift */ = {isa = PBXFileReference; lastKnownFileType = sourcecode.swift; path = UIImageView.swift; sourceTree = "<group>"; };
		23E30457D6927DE07DD2093F /* Pods-NgheTuVan.release.xcconfig */ = {isa = PBXFileReference; includeInIndex = 1; lastKnownFileType = text.xcconfig; name = "Pods-NgheTuVan.release.xcconfig"; path = "Pods/Target Support Files/Pods-NgheTuVan/Pods-NgheTuVan.release.xcconfig"; sourceTree = "<group>"; };
		47E9D5044FE1491520210F62 /* Pods-NgheTuVan.debug.xcconfig */ = {isa = PBXFileReference; includeInIndex = 1; lastKnownFileType = text.xcconfig; name = "Pods-NgheTuVan.debug.xcconfig"; path = "Pods/Target Support Files/Pods-NgheTuVan/Pods-NgheTuVan.debug.xcconfig"; sourceTree = "<group>"; };
		720892DBE8CB42B8B1BA17A9 /* libPods-NgheTuVan.a */ = {isa = PBXFileReference; explicitFileType = archive.ar; includeInIndex = 0; path = "libPods-NgheTuVan.a"; sourceTree = BUILT_PRODUCTS_DIR; };
/* End PBXFileReference section */

/* Begin PBXFrameworksBuildPhase section */
		180CF641217713610047C953 /* Frameworks */ = {
			isa = PBXFrameworksBuildPhase;
			buildActionMask = 2147483647;
			files = (
				184F183521772FB100EA95CE /* libAlamofire.a in Frameworks */,
				184F183621772FB100EA95CE /* libAlamofireImage.a in Frameworks */,
				184F183821772FB100EA95CE /* libSwiftyJSON.a in Frameworks */,
				277FBCE07DFE85D136C88F57 /* libPods-NgheTuVan.a in Frameworks */,
			);
			runOnlyForDeploymentPostprocessing = 0;
		};
		180CF655217713610047C953 /* Frameworks */ = {
			isa = PBXFrameworksBuildPhase;
			buildActionMask = 2147483647;
			files = (
			);
			runOnlyForDeploymentPostprocessing = 0;
		};
		180CF660217713610047C953 /* Frameworks */ = {
			isa = PBXFrameworksBuildPhase;
			buildActionMask = 2147483647;
			files = (
			);
			runOnlyForDeploymentPostprocessing = 0;
		};
/* End PBXFrameworksBuildPhase section */

/* Begin PBXGroup section */
		180CF63B217713610047C953 = {
			isa = PBXGroup;
			children = (
				180CF646217713610047C953 /* NgheTuVan */,
				180CF65B217713610047C953 /* NgheTuVanTests */,
				180CF666217713610047C953 /* NgheTuVanUITests */,
				180CF645217713610047C953 /* Products */,
				B2DFC15D4FD70529F78FB15F /* Pods */,
				6B4C48F87664DF41D788C17F /* Frameworks */,
			);
			sourceTree = "<group>";
		};
		180CF645217713610047C953 /* Products */ = {
			isa = PBXGroup;
			children = (
				180CF644217713610047C953 /* NgheTuVan.app */,
				180CF658217713610047C953 /* NgheTuVanTests.xctest */,
				180CF663217713610047C953 /* NgheTuVanUITests.xctest */,
			);
			name = Products;
			sourceTree = "<group>";
		};
		180CF646217713610047C953 /* NgheTuVan */ = {
			isa = PBXGroup;
			children = (
				187F84E521808A4800FA58DD /* Assets */,
				18FA662721786FA800CAA0C6 /* Models */,
				18FA662621786F8100CAA0C6 /* Utils */,
				184F184A2177429100EA95CE /* Storyboard */,
				184F18492177425800EA95CE /* ViewControlles */,
				184F184621773FA200EA95CE /* ViewModels */,
				184F18422177381900EA95CE /* Services */,
				180CF647217713610047C953 /* AppDelegate.swift */,
				180CF653217713610047C953 /* Info.plist */,
			);
			path = NgheTuVan;
			sourceTree = "<group>";
		};
		180CF65B217713610047C953 /* NgheTuVanTests */ = {
			isa = PBXGroup;
			children = (
				180CF65C217713610047C953 /* NgheTuVanTests.swift */,
				180CF65E217713610047C953 /* Info.plist */,
			);
			path = NgheTuVanTests;
			sourceTree = "<group>";
		};
		180CF666217713610047C953 /* NgheTuVanUITests */ = {
			isa = PBXGroup;
			children = (
				180CF667217713610047C953 /* NgheTuVanUITests.swift */,
				180CF669217713610047C953 /* Info.plist */,
			);
			path = NgheTuVanUITests;
			sourceTree = "<group>";
		};
		184F18422177381900EA95CE /* Services */ = {
			isa = PBXGroup;
			children = (
				18FA662521786E4D00CAA0C6 /* Api */,
				18FA66232178422A00CAA0C6 /* UserService.swift */,
			);
			path = Services;
			sourceTree = "<group>";
		};
		184F18432177383900EA95CE /* Auth */ = {
			isa = PBXGroup;
			children = (
				184F18442177388700EA95CE /* OauthApi.swift */,
				18FA661D217828CE00CAA0C6 /* UserApi.swift */,
			);
			path = Auth;
			sourceTree = "<group>";
		};
		184F184621773FA200EA95CE /* ViewModels */ = {
			isa = PBXGroup;
			children = (
				184F184721773FC400EA95CE /* LoginViewModel.swift */,
				1867B1252181889E00294C6A /* ProfileViewModel.swift */,
			);
			path = ViewModels;
			sourceTree = "<group>";
		};
		184F18492177425800EA95CE /* ViewControlles */ = {
			isa = PBXGroup;
			children = (
				1867B1222181761E00294C6A /* Profile */,
				1867B11F21815E4400294C6A /* WarehouseRealEstate */,
				1867B11C21815DBB00294C6A /* Educations */,
				1867B11721815D7C00294C6A /* Partners */,
				1867B11221815CAD00294C6A /* News */,
				187F84E02180799C00FA58DD /* SlideMenu */,
				180CF649217713610047C953 /* ViewController.swift */,
			);
			path = ViewControlles;
			sourceTree = "<group>";
		};
		184F184A2177429100EA95CE /* Storyboard */ = {
			isa = PBXGroup;
			children = (
				186AE023217D7AD900BA0899 /* MenuSlide.storyboard */,
				180CF650217713610047C953 /* LaunchScreen.storyboard */,
				180CF64B217713610047C953 /* Main.storyboard */,
			);
			path = Storyboard;
			sourceTree = "<group>";
		};
		1867B11221815CAD00294C6A /* News */ = {
			isa = PBXGroup;
			children = (
				1867B11321815D4A00294C6A /* NewsViewController.swift */,
				1867B11521815D7600294C6A /* NewsDetailViewController.swift */,
			);
			path = News;
			sourceTree = "<group>";
		};
		1867B11721815D7C00294C6A /* Partners */ = {
			isa = PBXGroup;
			children = (
				1867B11821815DA100294C6A /* PartnerViewController.swift */,
				1867B11A21815DB400294C6A /* PartnerDetailViewController.swift */,
			);
			path = Partners;
			sourceTree = "<group>";
		};
		1867B11C21815DBB00294C6A /* Educations */ = {
			isa = PBXGroup;
			children = (
				1867B11D21815DF800294C6A /* EducationViewController.swift */,
			);
			path = Educations;
			sourceTree = "<group>";
		};
		1867B11F21815E4400294C6A /* WarehouseRealEstate */ = {
			isa = PBXGroup;
			children = (
				1867B12021815E6F00294C6A /* WarehouseRealEstateViewController.swift */,
			);
			path = WarehouseRealEstate;
			sourceTree = "<group>";
		};
		1867B1222181761E00294C6A /* Profile */ = {
			isa = PBXGroup;
			children = (
				187F84E321807DF900FA58DD /* ProfileViewController.swift */,
				1867B1232181769400294C6A /* ProfileTableViewController.swift */,
			);
			path = Profile;
			sourceTree = "<group>";
		};
		187F84E02180799C00FA58DD /* SlideMenu */ = {
			isa = PBXGroup;
			children = (
				187F84E1218079AD00FA58DD /* MenuViewController.swift */,
				187F84D821803E9F00FA58DD /* SlideMenuViewController.swift */,
			);
			path = SlideMenu;
			sourceTree = "<group>";
		};
		187F84E521808A4800FA58DD /* Assets */ = {
			isa = PBXGroup;
			children = (
				180CF64E217713610047C953 /* Assets.xcassets */,
			);
			path = Assets;
			sourceTree = "<group>";
		};
		18FA662521786E4D00CAA0C6 /* Api */ = {
			isa = PBXGroup;
			children = (
				184F181A217714F000EA95CE /* DmgApi.swift */,
				184F183E2177316900EA95CE /* Response.swift */,
				184F18402177321B00EA95CE /* Config.swift */,
				18FA661F2178410800CAA0C6 /* AlamofireHandler.swift */,
				18FA66212178415900CAA0C6 /* OAuthHandler.swift */,
				184F18432177383900EA95CE /* Auth */,
			);
			path = Api;
			sourceTree = "<group>";
		};
		18FA662621786F8100CAA0C6 /* Utils */ = {
			isa = PBXGroup;
			children = (
				18FA66302178730A00CAA0C6 /* Extensions */,
				18FA662821786FD900CAA0C6 /* DgmAlert.swift */,
				18FA662A2178710B00CAA0C6 /* DgmWaiting.swift */,
				18FA662C217871EE00CAA0C6 /* DgmLocalize.swift */,
			);
			path = Utils;
			sourceTree = "<group>";
		};
		18FA662721786FA800CAA0C6 /* Models */ = {
			isa = PBXGroup;
			children = (
				187F84DA21804D5E00FA58DD /* MenuViewModel.swift */,
			);
			path = Models;
			sourceTree = "<group>";
		};
		18FA66302178730A00CAA0C6 /* Extensions */ = {
			isa = PBXGroup;
			children = (
				18FA662E217872C400CAA0C6 /* UIColor.swift */,
				18FA66352178982A00CAA0C6 /* UIView.swift */,
				18FA663721789B7500CAA0C6 /* UIImageView.swift */,
				186AE021217D709D00BA0899 /* UIStoryboard.swift */,
				187F84CE21802AF800FA58DD /* UIButton.swift */,
				187F84DC2180529800FA58DD /* UILabel.swift */,
				187F84DE2180573400FA58DD /* UITableView.swift */,
			);
			path = Extensions;
			sourceTree = "<group>";
		};
		6B4C48F87664DF41D788C17F /* Frameworks */ = {
			isa = PBXGroup;
			children = (
				184F183921772FB100EA95CE /* libAlamofire.a */,
				184F183A21772FB100EA95CE /* libAlamofireImage.a */,
				184F183B21772FB100EA95CE /* libSwiftMessages.a */,
				184F183C21772FB100EA95CE /* libSwiftyJSON.a */,
				720892DBE8CB42B8B1BA17A9 /* libPods-NgheTuVan.a */,
			);
			name = Frameworks;
			sourceTree = "<group>";
		};
		B2DFC15D4FD70529F78FB15F /* Pods */ = {
			isa = PBXGroup;
			children = (
				47E9D5044FE1491520210F62 /* Pods-NgheTuVan.debug.xcconfig */,
				23E30457D6927DE07DD2093F /* Pods-NgheTuVan.release.xcconfig */,
			);
			name = Pods;
			sourceTree = "<group>";
		};
/* End PBXGroup section */

/* Begin PBXNativeTarget section */
		180CF643217713610047C953 /* NgheTuVan */ = {
			isa = PBXNativeTarget;
			buildConfigurationList = 180CF66C217713610047C953 /* Build configuration list for PBXNativeTarget "NgheTuVan" */;
			buildPhases = (
				2450067D9F4842A21B7B515A /* [CP] Check Pods Manifest.lock */,
				180CF640217713610047C953 /* Sources */,
				180CF641217713610047C953 /* Frameworks */,
				180CF642217713610047C953 /* Resources */,
			);
			buildRules = (
			);
			dependencies = (
			);
			name = NgheTuVan;
			productName = NgheTuVan;
			productReference = 180CF644217713610047C953 /* NgheTuVan.app */;
			productType = "com.apple.product-type.application";
		};
		180CF657217713610047C953 /* NgheTuVanTests */ = {
			isa = PBXNativeTarget;
			buildConfigurationList = 180CF66F217713610047C953 /* Build configuration list for PBXNativeTarget "NgheTuVanTests" */;
			buildPhases = (
				180CF654217713610047C953 /* Sources */,
				180CF655217713610047C953 /* Frameworks */,
				180CF656217713610047C953 /* Resources */,
			);
			buildRules = (
			);
			dependencies = (
				180CF65A217713610047C953 /* PBXTargetDependency */,
			);
			name = NgheTuVanTests;
			productName = NgheTuVanTests;
			productReference = 180CF658217713610047C953 /* NgheTuVanTests.xctest */;
			productType = "com.apple.product-type.bundle.unit-test";
		};
		180CF662217713610047C953 /* NgheTuVanUITests */ = {
			isa = PBXNativeTarget;
			buildConfigurationList = 180CF672217713610047C953 /* Build configuration list for PBXNativeTarget "NgheTuVanUITests" */;
			buildPhases = (
				180CF65F217713610047C953 /* Sources */,
				180CF660217713610047C953 /* Frameworks */,
				180CF661217713610047C953 /* Resources */,
			);
			buildRules = (
			);
			dependencies = (
				180CF665217713610047C953 /* PBXTargetDependency */,
			);
			name = NgheTuVanUITests;
			productName = NgheTuVanUITests;
			productReference = 180CF663217713610047C953 /* NgheTuVanUITests.xctest */;
			productType = "com.apple.product-type.bundle.ui-testing";
		};
/* End PBXNativeTarget section */

/* Begin PBXProject section */
		180CF63C217713610047C953 /* Project object */ = {
			isa = PBXProject;
			attributes = {
				LastSwiftUpdateCheck = 0920;
				LastUpgradeCheck = 0920;
				ORGANIZATIONNAME = haiphat;
				TargetAttributes = {
					180CF643217713610047C953 = {
						CreatedOnToolsVersion = 9.2;
						ProvisioningStyle = Automatic;
					};
					180CF657217713610047C953 = {
						CreatedOnToolsVersion = 9.2;
						ProvisioningStyle = Automatic;
						TestTargetID = 180CF643217713610047C953;
					};
					180CF662217713610047C953 = {
						CreatedOnToolsVersion = 9.2;
						ProvisioningStyle = Automatic;
						TestTargetID = 180CF643217713610047C953;
					};
				};
			};
			buildConfigurationList = 180CF63F217713610047C953 /* Build configuration list for PBXProject "NgheTuVan" */;
			compatibilityVersion = "Xcode 8.0";
			developmentRegion = en;
			hasScannedForEncodings = 0;
			knownRegions = (
				en,
				Base,
			);
			mainGroup = 180CF63B217713610047C953;
			productRefGroup = 180CF645217713610047C953 /* Products */;
			projectDirPath = "";
			projectRoot = "";
			targets = (
				180CF643217713610047C953 /* NgheTuVan */,
				180CF657217713610047C953 /* NgheTuVanTests */,
				180CF662217713610047C953 /* NgheTuVanUITests */,
			);
		};
/* End PBXProject section */

/* Begin PBXResourcesBuildPhase section */
		180CF642217713610047C953 /* Resources */ = {
			isa = PBXResourcesBuildPhase;
			buildActionMask = 2147483647;
			files = (
				180CF652217713610047C953 /* LaunchScreen.storyboard in Resources */,
				180CF64F217713610047C953 /* Assets.xcassets in Resources */,
				180CF64D217713610047C953 /* Main.storyboard in Resources */,
				186AE024217D7AD900BA0899 /* MenuSlide.storyboard in Resources */,
			);
			runOnlyForDeploymentPostprocessing = 0;
		};
		180CF656217713610047C953 /* Resources */ = {
			isa = PBXResourcesBuildPhase;
			buildActionMask = 2147483647;
			files = (
			);
			runOnlyForDeploymentPostprocessing = 0;
		};
		180CF661217713610047C953 /* Resources */ = {
			isa = PBXResourcesBuildPhase;
			buildActionMask = 2147483647;
			files = (
			);
			runOnlyForDeploymentPostprocessing = 0;
		};
/* End PBXResourcesBuildPhase section */

/* Begin PBXShellScriptBuildPhase section */
		2450067D9F4842A21B7B515A /* [CP] Check Pods Manifest.lock */ = {
			isa = PBXShellScriptBuildPhase;
			buildActionMask = 2147483647;
			files = (
			);
			inputPaths = (
				"${PODS_PODFILE_DIR_PATH}/Podfile.lock",
				"${PODS_ROOT}/Manifest.lock",
			);
			name = "[CP] Check Pods Manifest.lock";
			outputPaths = (
				"$(DERIVED_FILE_DIR)/Pods-NgheTuVan-checkManifestLockResult.txt",
			);
			runOnlyForDeploymentPostprocessing = 0;
			shellPath = /bin/sh;
			shellScript = "diff \"${PODS_PODFILE_DIR_PATH}/Podfile.lock\" \"${PODS_ROOT}/Manifest.lock\" > /dev/null\nif [ $? != 0 ] ; then\n    # print error to STDERR\n    echo \"error: The sandbox is not in sync with the Podfile.lock. Run 'pod install' or update your CocoaPods installation.\" >&2\n    exit 1\nfi\n# This output is used by Xcode 'outputs' to avoid re-running this script phase.\necho \"SUCCESS\" > \"${SCRIPT_OUTPUT_FILE_0}\"\n";
			showEnvVarsInLog = 0;
		};
/* End PBXShellScriptBuildPhase section */

/* Begin PBXSourcesBuildPhase section */
		180CF640217713610047C953 /* Sources */ = {
			isa = PBXSourcesBuildPhase;
			buildActionMask = 2147483647;
			files = (
				186AE022217D709D00BA0899 /* UIStoryboard.swift in Sources */,
				184F183F2177316900EA95CE /* Response.swift in Sources */,
				18FA662921786FD900CAA0C6 /* DgmAlert.swift in Sources */,
				18FA661E217828CE00CAA0C6 /* UserApi.swift in Sources */,
				187F84D921803E9F00FA58DD /* SlideMenuViewController.swift in Sources */,
				1867B11921815DA100294C6A /* PartnerViewController.swift in Sources */,
				1867B1242181769400294C6A /* ProfileTableViewController.swift in Sources */,
				187F84DF2180573400FA58DD /* UITableView.swift in Sources */,
				187F84DB21804D5E00FA58DD /* MenuViewModel.swift in Sources */,
				18FA66202178410800CAA0C6 /* AlamofireHandler.swift in Sources */,
				18FA662F217872C400CAA0C6 /* UIColor.swift in Sources */,
				180CF64A217713610047C953 /* ViewController.swift in Sources */,
				18FA66222178415900CAA0C6 /* OAuthHandler.swift in Sources */,
				184F18452177388700EA95CE /* OauthApi.swift in Sources */,
				1867B11E21815DF800294C6A /* EducationViewController.swift in Sources */,
				18FA66242178422A00CAA0C6 /* UserService.swift in Sources */,
				184F18412177321B00EA95CE /* Config.swift in Sources */,
				187F84DD2180529800FA58DD /* UILabel.swift in Sources */,
				1867B1262181889E00294C6A /* ProfileViewModel.swift in Sources */,
				1867B11621815D7600294C6A /* NewsDetailViewController.swift in Sources */,
				187F84E2218079AD00FA58DD /* MenuViewController.swift in Sources */,
				18FA663821789B7500CAA0C6 /* UIImageView.swift in Sources */,
				18FA662D217871EE00CAA0C6 /* DgmLocalize.swift in Sources */,
				18FA662B2178710B00CAA0C6 /* DgmWaiting.swift in Sources */,
				1867B11421815D4A00294C6A /* NewsViewController.swift in Sources */,
				187F84CF21802AF800FA58DD /* UIButton.swift in Sources */,
				1867B11B21815DB400294C6A /* PartnerDetailViewController.swift in Sources */,
				18FA66362178982A00CAA0C6 /* UIView.swift in Sources */,
				184F181B217714F000EA95CE /* DmgApi.swift in Sources */,
				187F84E421807DF900FA58DD /* ProfileViewController.swift in Sources */,
				180CF648217713610047C953 /* AppDelegate.swift in Sources */,
				184F184821773FC400EA95CE /* LoginViewModel.swift in Sources */,
				1867B12121815E6F00294C6A /* WarehouseRealEstateViewController.swift in Sources */,
			);
			runOnlyForDeploymentPostprocessing = 0;
		};
		180CF654217713610047C953 /* Sources */ = {
			isa = PBXSourcesBuildPhase;
			buildActionMask = 2147483647;
			files = (
				180CF65D217713610047C953 /* NgheTuVanTests.swift in Sources */,
			);
			runOnlyForDeploymentPostprocessing = 0;
		};
		180CF65F217713610047C953 /* Sources */ = {
			isa = PBXSourcesBuildPhase;
			buildActionMask = 2147483647;
			files = (
				180CF668217713610047C953 /* NgheTuVanUITests.swift in Sources */,
			);
			runOnlyForDeploymentPostprocessing = 0;
		};
/* End PBXSourcesBuildPhase section */

/* Begin PBXTargetDependency section */
		180CF65A217713610047C953 /* PBXTargetDependency */ = {
			isa = PBXTargetDependency;
			target = 180CF643217713610047C953 /* NgheTuVan */;
			targetProxy = 180CF659217713610047C953 /* PBXContainerItemProxy */;
		};
		180CF665217713610047C953 /* PBXTargetDependency */ = {
			isa = PBXTargetDependency;
			target = 180CF643217713610047C953 /* NgheTuVan */;
			targetProxy = 180CF664217713610047C953 /* PBXContainerItemProxy */;
		};
/* End PBXTargetDependency section */

/* Begin PBXVariantGroup section */
		180CF64B217713610047C953 /* Main.storyboard */ = {
			isa = PBXVariantGroup;
			children = (
				180CF64C217713610047C953 /* Base */,
			);
			name = Main.storyboard;
			sourceTree = "<group>";
		};
		180CF650217713610047C953 /* LaunchScreen.storyboard */ = {
			isa = PBXVariantGroup;
			children = (
				180CF651217713610047C953 /* Base */,
			);
			name = LaunchScreen.storyboard;
			sourceTree = "<group>";
		};
/* End PBXVariantGroup section */

/* Begin XCBuildConfiguration section */
		180CF66A217713610047C953 /* Debug */ = {
			isa = XCBuildConfiguration;
			buildSettings = {
				ALWAYS_SEARCH_USER_PATHS = NO;
				CLANG_ANALYZER_NONNULL = YES;
				CLANG_ANALYZER_NUMBER_OBJECT_CONVERSION = YES_AGGRESSIVE;
				CLANG_CXX_LANGUAGE_STANDARD = "gnu++14";
				CLANG_CXX_LIBRARY = "libc++";
				CLANG_ENABLE_MODULES = YES;
				CLANG_ENABLE_OBJC_ARC = YES;
				CLANG_WARN_BLOCK_CAPTURE_AUTORELEASING = YES;
				CLANG_WARN_BOOL_CONVERSION = YES;
				CLANG_WARN_COMMA = YES;
				CLANG_WARN_CONSTANT_CONVERSION = YES;
				CLANG_WARN_DIRECT_OBJC_ISA_USAGE = YES_ERROR;
				CLANG_WARN_DOCUMENTATION_COMMENTS = YES;
				CLANG_WARN_EMPTY_BODY = YES;
				CLANG_WARN_ENUM_CONVERSION = YES;
				CLANG_WARN_INFINITE_RECURSION = YES;
				CLANG_WARN_INT_CONVERSION = YES;
				CLANG_WARN_NON_LITERAL_NULL_CONVERSION = YES;
				CLANG_WARN_OBJC_LITERAL_CONVERSION = YES;
				CLANG_WARN_OBJC_ROOT_CLASS = YES_ERROR;
				CLANG_WARN_RANGE_LOOP_ANALYSIS = YES;
				CLANG_WARN_STRICT_PROTOTYPES = YES;
				CLANG_WARN_SUSPICIOUS_MOVE = YES;
				CLANG_WARN_UNGUARDED_AVAILABILITY = YES_AGGRESSIVE;
				CLANG_WARN_UNREACHABLE_CODE = YES;
				CLANG_WARN__DUPLICATE_METHOD_MATCH = YES;
				CODE_SIGN_IDENTITY = "iPhone Developer";
				COPY_PHASE_STRIP = NO;
				DEBUG_INFORMATION_FORMAT = dwarf;
				ENABLE_STRICT_OBJC_MSGSEND = YES;
				ENABLE_TESTABILITY = YES;
				GCC_C_LANGUAGE_STANDARD = gnu11;
				GCC_DYNAMIC_NO_PIC = NO;
				GCC_NO_COMMON_BLOCKS = YES;
				GCC_OPTIMIZATION_LEVEL = 0;
				GCC_PREPROCESSOR_DEFINITIONS = (
					"DEBUG=1",
					"$(inherited)",
				);
				GCC_WARN_64_TO_32_BIT_CONVERSION = YES;
				GCC_WARN_ABOUT_RETURN_TYPE = YES_ERROR;
				GCC_WARN_UNDECLARED_SELECTOR = YES;
				GCC_WARN_UNINITIALIZED_AUTOS = YES_AGGRESSIVE;
				GCC_WARN_UNUSED_FUNCTION = YES;
				GCC_WARN_UNUSED_VARIABLE = YES;
				IPHONEOS_DEPLOYMENT_TARGET = 11.2;
				MTL_ENABLE_DEBUG_INFO = YES;
				ONLY_ACTIVE_ARCH = YES;
				SDKROOT = iphoneos;
				SWIFT_ACTIVE_COMPILATION_CONDITIONS = DEBUG;
				SWIFT_OPTIMIZATION_LEVEL = "-Onone";
			};
			name = Debug;
		};
		180CF66B217713610047C953 /* Release */ = {
			isa = XCBuildConfiguration;
			buildSettings = {
				ALWAYS_SEARCH_USER_PATHS = NO;
				CLANG_ANALYZER_NONNULL = YES;
				CLANG_ANALYZER_NUMBER_OBJECT_CONVERSION = YES_AGGRESSIVE;
				CLANG_CXX_LANGUAGE_STANDARD = "gnu++14";
				CLANG_CXX_LIBRARY = "libc++";
				CLANG_ENABLE_MODULES = YES;
				CLANG_ENABLE_OBJC_ARC = YES;
				CLANG_WARN_BLOCK_CAPTURE_AUTORELEASING = YES;
				CLANG_WARN_BOOL_CONVERSION = YES;
				CLANG_WARN_COMMA = YES;
				CLANG_WARN_CONSTANT_CONVERSION = YES;
				CLANG_WARN_DIRECT_OBJC_ISA_USAGE = YES_ERROR;
				CLANG_WARN_DOCUMENTATION_COMMENTS = YES;
				CLANG_WARN_EMPTY_BODY = YES;
				CLANG_WARN_ENUM_CONVERSION = YES;
				CLANG_WARN_INFINITE_RECURSION = YES;
				CLANG_WARN_INT_CONVERSION = YES;
				CLANG_WARN_NON_LITERAL_NULL_CONVERSION = YES;
				CLANG_WARN_OBJC_LITERAL_CONVERSION = YES;
				CLANG_WARN_OBJC_ROOT_CLASS = YES_ERROR;
				CLANG_WARN_RANGE_LOOP_ANALYSIS = YES;
				CLANG_WARN_STRICT_PROTOTYPES = YES;
				CLANG_WARN_SUSPICIOUS_MOVE = YES;
				CLANG_WARN_UNGUARDED_AVAILABILITY = YES_AGGRESSIVE;
				CLANG_WARN_UNREACHABLE_CODE = YES;
				CLANG_WARN__DUPLICATE_METHOD_MATCH = YES;
				CODE_SIGN_IDENTITY = "iPhone Developer";
				COPY_PHASE_STRIP = NO;
				DEBUG_INFORMATION_FORMAT = "dwarf-with-dsym";
				ENABLE_NS_ASSERTIONS = NO;
				ENABLE_STRICT_OBJC_MSGSEND = YES;
				GCC_C_LANGUAGE_STANDARD = gnu11;
				GCC_NO_COMMON_BLOCKS = YES;
				GCC_WARN_64_TO_32_BIT_CONVERSION = YES;
				GCC_WARN_ABOUT_RETURN_TYPE = YES_ERROR;
				GCC_WARN_UNDECLARED_SELECTOR = YES;
				GCC_WARN_UNINITIALIZED_AUTOS = YES_AGGRESSIVE;
				GCC_WARN_UNUSED_FUNCTION = YES;
				GCC_WARN_UNUSED_VARIABLE = YES;
				IPHONEOS_DEPLOYMENT_TARGET = 11.2;
				MTL_ENABLE_DEBUG_INFO = NO;
				SDKROOT = iphoneos;
				SWIFT_OPTIMIZATION_LEVEL = "-Owholemodule";
				VALIDATE_PRODUCT = YES;
			};
			name = Release;
		};
		180CF66D217713610047C953 /* Debug */ = {
			isa = XCBuildConfiguration;
			baseConfigurationReference = 47E9D5044FE1491520210F62 /* Pods-NgheTuVan.debug.xcconfig */;
			buildSettings = {
				ASSETCATALOG_COMPILER_APPICON_NAME = AppIcon;
				"CODE_SIGN_IDENTITY[sdk=iphoneos*]" = "iPhone Developer";
				CODE_SIGN_STYLE = Automatic;
				DEVELOPMENT_TEAM = 682CGZ3WB2;
				INFOPLIST_FILE = NgheTuVan/Info.plist;
				IPHONEOS_DEPLOYMENT_TARGET = 9.0;
				LD_RUNPATH_SEARCH_PATHS = "$(inherited) @executable_path/Frameworks";
				PRODUCT_BUNDLE_IDENTIFIER = haiphat.NgheTuVan;
				PRODUCT_NAME = "$(TARGET_NAME)";
				PROVISIONING_PROFILE_SPECIFIER = "";
				SWIFT_VERSION = 4.0;
				TARGETED_DEVICE_FAMILY = "1,2";
			};
			name = Debug;
		};
		180CF66E217713610047C953 /* Release */ = {
			isa = XCBuildConfiguration;
			baseConfigurationReference = 23E30457D6927DE07DD2093F /* Pods-NgheTuVan.release.xcconfig */;
			buildSettings = {
				ASSETCATALOG_COMPILER_APPICON_NAME = AppIcon;
				"CODE_SIGN_IDENTITY[sdk=iphoneos*]" = "iPhone Developer";
				CODE_SIGN_STYLE = Automatic;
				DEVELOPMENT_TEAM = 682CGZ3WB2;
				INFOPLIST_FILE = NgheTuVan/Info.plist;
				IPHONEOS_DEPLOYMENT_TARGET = 9.0;
				LD_RUNPATH_SEARCH_PATHS = "$(inherited) @executable_path/Frameworks";
				PRODUCT_BUNDLE_IDENTIFIER = haiphat.NgheTuVan;
				PRODUCT_NAME = "$(TARGET_NAME)";
				PROVISIONING_PROFILE_SPECIFIER = "";
				SWIFT_VERSION = 4.0;
				TARGETED_DEVICE_FAMILY = "1,2";
			};
			name = Release;
		};
		180CF670217713610047C953 /* Debug */ = {
			isa = XCBuildConfiguration;
			buildSettings = {
				ALWAYS_EMBED_SWIFT_STANDARD_LIBRARIES = YES;
				BUNDLE_LOADER = "$(TEST_HOST)";
				CODE_SIGN_STYLE = Automatic;
				INFOPLIST_FILE = NgheTuVanTests/Info.plist;
				LD_RUNPATH_SEARCH_PATHS = "$(inherited) @executable_path/Frameworks @loader_path/Frameworks";
				PRODUCT_BUNDLE_IDENTIFIER = haiphat.NgheTuVanTests;
				PRODUCT_NAME = "$(TARGET_NAME)";
				SWIFT_VERSION = 4.0;
				TARGETED_DEVICE_FAMILY = "1,2";
				TEST_HOST = "$(BUILT_PRODUCTS_DIR)/NgheTuVan.app/NgheTuVan";
			};
			name = Debug;
		};
		180CF671217713610047C953 /* Release */ = {
			isa = XCBuildConfiguration;
			buildSettings = {
				ALWAYS_EMBED_SWIFT_STANDARD_LIBRARIES = YES;
				BUNDLE_LOADER = "$(TEST_HOST)";
				CODE_SIGN_STYLE = Automatic;
				INFOPLIST_FILE = NgheTuVanTests/Info.plist;
				LD_RUNPATH_SEARCH_PATHS = "$(inherited) @executable_path/Frameworks @loader_path/Frameworks";
				PRODUCT_BUNDLE_IDENTIFIER = haiphat.NgheTuVanTests;
				PRODUCT_NAME = "$(TARGET_NAME)";
				SWIFT_VERSION = 4.0;
				TARGETED_DEVICE_FAMILY = "1,2";
				TEST_HOST = "$(BUILT_PRODUCTS_DIR)/NgheTuVan.app/NgheTuVan";
			};
			name = Release;
		};
		180CF673217713610047C953 /* Debug */ = {
			isa = XCBuildConfiguration;
			buildSettings = {
				ALWAYS_EMBED_SWIFT_STANDARD_LIBRARIES = YES;
				CODE_SIGN_STYLE = Automatic;
				INFOPLIST_FILE = NgheTuVanUITests/Info.plist;
				LD_RUNPATH_SEARCH_PATHS = "$(inherited) @executable_path/Frameworks @loader_path/Frameworks";
				PRODUCT_BUNDLE_IDENTIFIER = haiphat.NgheTuVanUITests;
				PRODUCT_NAME = "$(TARGET_NAME)";
				SWIFT_VERSION = 4.0;
				TARGETED_DEVICE_FAMILY = "1,2";
				TEST_TARGET_NAME = NgheTuVan;
			};
			name = Debug;
		};
		180CF674217713610047C953 /* Release */ = {
			isa = XCBuildConfiguration;
			buildSettings = {
				ALWAYS_EMBED_SWIFT_STANDARD_LIBRARIES = YES;
				CODE_SIGN_STYLE = Automatic;
				INFOPLIST_FILE = NgheTuVanUITests/Info.plist;
				LD_RUNPATH_SEARCH_PATHS = "$(inherited) @executable_path/Frameworks @loader_path/Frameworks";
				PRODUCT_BUNDLE_IDENTIFIER = haiphat.NgheTuVanUITests;
				PRODUCT_NAME = "$(TARGET_NAME)";
				SWIFT_VERSION = 4.0;
				TARGETED_DEVICE_FAMILY = "1,2";
				TEST_TARGET_NAME = NgheTuVan;
			};
			name = Release;
		};
/* End XCBuildConfiguration section */

/* Begin XCConfigurationList section */
		180CF63F217713610047C953 /* Build configuration list for PBXProject "NgheTuVan" */ = {
			isa = XCConfigurationList;
			buildConfigurations = (
				180CF66A217713610047C953 /* Debug */,
				180CF66B217713610047C953 /* Release */,
			);
			defaultConfigurationIsVisible = 0;
			defaultConfigurationName = Release;
		};
		180CF66C217713610047C953 /* Build configuration list for PBXNativeTarget "NgheTuVan" */ = {
			isa = XCConfigurationList;
			buildConfigurations = (
				180CF66D217713610047C953 /* Debug */,
				180CF66E217713610047C953 /* Release */,
			);
			defaultConfigurationIsVisible = 0;
			defaultConfigurationName = Release;
		};
		180CF66F217713610047C953 /* Build configuration list for PBXNativeTarget "NgheTuVanTests" */ = {
			isa = XCConfigurationList;
			buildConfigurations = (
				180CF670217713610047C953 /* Debug */,
				180CF671217713610047C953 /* Release */,
			);
			defaultConfigurationIsVisible = 0;
			defaultConfigurationName = Release;
		};
		180CF672217713610047C953 /* Build configuration list for PBXNativeTarget "NgheTuVanUITests" */ = {
			isa = XCConfigurationList;
			buildConfigurations = (
				180CF673217713610047C953 /* Debug */,
				180CF674217713610047C953 /* Release */,
			);
			defaultConfigurationIsVisible = 0;
			defaultConfigurationName = Release;
		};
/* End XCConfigurationList section */
	};
	rootObject = 180CF63C217713610047C953 /* Project object */;
}
